
Microsoft Visual Studio Solution File, Format Version 12.00
# Visual Studio Version 17
VisualStudioVersion = 17.5.33502.453
MinimumVisualStudioVersion = 10.0.40219.1
Project("{FAE04EC0-301F-11D3-BF4B-00C04F79EFBC}") = "MPCobro.desktop", "MPCobro.desktop\MPCobro.desktop.csproj", "{81AC490E-A52F-452A-8080-AB09900E93CE}"
EndProject
Project("{FAE04EC0-301F-11D3-BF4B-00C04F79EFBC}") = "MPCobro.Entities", "MPCobro.Entities\MPCobro.Entities.csproj", "{2340293F-AC36-458F-B008-2B6642E6B718}"
EndProject
Project("{FAE04EC0-301F-11D3-BF4B-00C04F79EFBC}") = "MPCobro.DataAccessLogic", "MPCobro.DataAccessLogic\MPCobro.DataAccessLogic.csproj", "{7E292068-A9B2-4EA9-AF00-5DA3087B0537}"
EndProject
Project("{FAE04EC0-301F-11D3-BF4B-00C04F79EFBC}") = "MPCobro.Utils", "MPCobro.Utils\MPCobro.Utils.csproj", "{1676B548-F14D-4CE1-8DCF-A88EA8C15133}"
EndProject
Project("{FAE04EC0-301F-11D3-BF4B-00C04F79EFBC}") = "MPCobro.BusinessLogic", "MPCobro.BusinessLogic\MPCobro.BusinessLogic.csproj", "{DE247179-6D6F-4A07-A163-468300F4DE15}"
EndProject
Global
	GlobalSection(SolutionConfigurationPlatforms) = preSolution
		Debug|Any CPU = Debug|Any CPU
		Release|Any CPU = Release|Any CPU
	EndGlobalSection
	GlobalSection(ProjectConfigurationPlatforms) = postSolution
		{81AC490E-A52F-452A-8080-AB09900E93CE}.Debug|Any CPU.ActiveCfg = Debug|Any CPU
		{81AC490E-A52F-452A-8080-AB09900E93CE}.Debug|Any CPU.Build.0 = Debug|Any CPU
		{81AC490E-A52F-452A-8080-AB09900E93CE}.Release|Any CPU.ActiveCfg = Release|Any CPU
		{81AC490E-A52F-452A-8080-AB09900E93CE}.Release|Any CPU.Build.0 = Release|Any CPU
		{2340293F-AC36-458F-B008-2B6642E6B718}.Debug|Any CPU.ActiveCfg = Debug|Any CPU
		{2340293F-AC36-458F-B008-2B6642E6B718}.Debug|Any CPU.Build.0 = Debug|Any CPU
		{2340293F-AC36-458F-B008-2B6642E6B718}.Release|Any CPU.ActiveCfg = Release|Any CPU
		{2340293F-AC36-458F-B008-2B6642E6B718}.Release|Any CPU.Build.0 = Release|Any CPU
		{7E292068-A9B2-4EA9-AF00-5DA3087B0537}.Debug|Any CPU.ActiveCfg = Debug|Any CPU
		{7E292068-A9B2-4EA9-AF00-5DA3087B0537}.Debug|Any CPU.Build.0 = Debug|Any CPU
		{7E292068-A9B2-4EA9-AF00-5DA3087B0537}.Release|Any CPU.ActiveCfg = Release|Any CPU
		{7E292068-A9B2-4EA9-AF00-5DA3087B0537}.Release|Any CPU.Build.0 = Release|Any CPU
		{1676B548-F14D-4CE1-8DCF-A88EA8C15133}.Debug|Any CPU.ActiveCfg = Debug|Any CPU
		{1676B548-F14D-4CE1-8DCF-A88EA8C15133}.Debug|Any CPU.Build.0 = Debug|Any CPU
		{1676B548-F14D-4CE1-8DCF-A88EA8C15133}.Release|Any CPU.ActiveCfg = Release|Any CPU
		{1676B548-F14D-4CE1-8DCF-A88EA8C15133}.Release|Any CPU.Build.0 = Release|Any CPU
		{DE247179-6D6F-4A07-A163-468300F4DE15}.Debug|Any CPU.ActiveCfg = Debug|Any CPU
		{DE247179-6D6F-4A07-A163-468300F4DE15}.Debug|Any CPU.Build.0 = Debug|Any CPU
		{DE247179-6D6F-4A07-A163-468300F4DE15}.Release|Any CPU.ActiveCfg = Release|Any CPU
		{DE247179-6D6F-4A07-A163-468300F4DE15}.Release|Any CPU.Build.0 = Release|Any CPU
	EndGlobalSection
	GlobalSection(SolutionProperties) = preSolution
		HideSolutionNode = FALSE
	EndGlobalSection
	GlobalSection(ExtensibilityGlobals) = postSolution
		SolutionGuid = {942E6594-3520-4FED-B335-12643958B1F4}
	EndGlobalSection
EndGlobal
